
Microsoft Visual Studio Solution File, Format Version 12.00
# Visual Studio Version 17
VisualStudioVersion = 17.4.32804.182
MinimumVisualStudioVersion = 10.0.40219.1
Project("{9A19103F-16F7-4668-BE54-9A1E7A4F7556}") = "dart-core", "dart-core\dart-core.csproj", "{2A423310-B006-4269-9B72-93D9F6465FD2}"
EndProject
Project("{9A19103F-16F7-4668-BE54-9A1E7A4F7556}") = "dart-core-api", "dart-core-api\dart-core-api.csproj", "{D0AB2BED-49BF-40EF-A7AF-C1D1481F1707}"
EndProject
Project("{9A19103F-16F7-4668-BE54-9A1E7A4F7556}") = "dart-main", "dart-main\dart-main.csproj", "{D403FF1D-4DCA-46DF-A58D-2473CDCC9BD0}"
EndProject
Project("{9A19103F-16F7-4668-BE54-9A1E7A4F7556}") = "dart-schema", "dart-schema\dart-schema.csproj", "{F6DD55CD-601D-4A6F-BA75-C47A12D89031}"
EndProject
Project("{FAE04EC0-301F-11D3-BF4B-00C04F79EFBC}") = "dart-test", "dart-test\dart-test.csproj", "{BDDA2C18-A0F8-4731-B11B-14C3B063021D}"
EndProject
Global
	GlobalSection(SolutionConfigurationPlatforms) = preSolution
		Debug|Any CPU = Debug|Any CPU
		Release|Any CPU = Release|Any CPU
	EndGlobalSection
	GlobalSection(ProjectConfigurationPlatforms) = postSolution
		{2A423310-B006-4269-9B72-93D9F6465FD2}.Debug|Any CPU.ActiveCfg = Debug|Any CPU
		{2A423310-B006-4269-9B72-93D9F6465FD2}.Debug|Any CPU.Build.0 = Debug|Any CPU
		{2A423310-B006-4269-9B72-93D9F6465FD2}.Release|Any CPU.ActiveCfg = Release|Any CPU
		{2A423310-B006-4269-9B72-93D9F6465FD2}.Release|Any CPU.Build.0 = Release|Any CPU
		{D0AB2BED-49BF-40EF-A7AF-C1D1481F1707}.Debug|Any CPU.ActiveCfg = Debug|Any CPU
		{D0AB2BED-49BF-40EF-A7AF-C1D1481F1707}.Debug|Any CPU.Build.0 = Debug|Any CPU
		{D0AB2BED-49BF-40EF-A7AF-C1D1481F1707}.Release|Any CPU.ActiveCfg = Release|Any CPU
		{D0AB2BED-49BF-40EF-A7AF-C1D1481F1707}.Release|Any CPU.Build.0 = Release|Any CPU
		{D403FF1D-4DCA-46DF-A58D-2473CDCC9BD0}.Debug|Any CPU.ActiveCfg = Debug|Any CPU
		{D403FF1D-4DCA-46DF-A58D-2473CDCC9BD0}.Debug|Any CPU.Build.0 = Debug|Any CPU
		{D403FF1D-4DCA-46DF-A58D-2473CDCC9BD0}.Release|Any CPU.ActiveCfg = Release|Any CPU
		{D403FF1D-4DCA-46DF-A58D-2473CDCC9BD0}.Release|Any CPU.Build.0 = Release|Any CPU
		{F6DD55CD-601D-4A6F-BA75-C47A12D89031}.Debug|Any CPU.ActiveCfg = Debug|Any CPU
		{F6DD55CD-601D-4A6F-BA75-C47A12D89031}.Debug|Any CPU.Build.0 = Debug|Any CPU
		{F6DD55CD-601D-4A6F-BA75-C47A12D89031}.Release|Any CPU.ActiveCfg = Release|Any CPU
		{F6DD55CD-601D-4A6F-BA75-C47A12D89031}.Release|Any CPU.Build.0 = Release|Any CPU
		{BDDA2C18-A0F8-4731-B11B-14C3B063021D}.Debug|Any CPU.ActiveCfg = Debug|Any CPU
		{BDDA2C18-A0F8-4731-B11B-14C3B063021D}.Debug|Any CPU.Build.0 = Debug|Any CPU
		{BDDA2C18-A0F8-4731-B11B-14C3B063021D}.Release|Any CPU.ActiveCfg = Release|Any CPU
		{BDDA2C18-A0F8-4731-B11B-14C3B063021D}.Release|Any CPU.Build.0 = Release|Any CPU
	EndGlobalSection
	GlobalSection(SolutionProperties) = preSolution
		HideSolutionNode = FALSE
	EndGlobalSection
	GlobalSection(ExtensibilityGlobals) = postSolution
		SolutionGuid = {ED30F41E-E312-4213-A835-E400FC971649}
	EndGlobalSection
EndGlobal
