
Microsoft Visual Studio Solution File, Format Version 12.00
# Visual Studio Version 17
VisualStudioVersion = 17.4.32804.182
MinimumVisualStudioVersion = 10.0.40219.1
Project("{9A19103F-16F7-4668-BE54-9A1E7A4F7556}") = "dart-core", "dart-core\dart-core.csproj", "{2A423310-B006-4269-9B72-93D9F6465FD2}"
EndProject
Project("{9A19103F-16F7-4668-BE54-9A1E7A4F7556}") = "dart-core-api", "dart-core-api\dart-core-api.csproj", "{D0AB2BED-49BF-40EF-A7AF-C1D1481F1707}"
EndProject
Project("{9A19103F-16F7-4668-BE54-9A1E7A4F7556}") = "dart-main", "dart-main\dart-main.csproj", "{D403FF1D-4DCA-46DF-A58D-2473CDCC9BD0}"
EndProject
Project("{9A19103F-16F7-4668-BE54-9A1E7A4F7556}") = "dart-schema", "dart-schema\dart-schema.csproj", "{F6DD55CD-601D-4A6F-BA75-C47A12D89031}"
EndProject
Project("{888888A0-9F3D-457C-B088-3A5042F75D52}") = "dart-ai-classifier", "dart-ai-classifier\dart-ai-classifier.pyproj", "{0B991EAA-60D4-4DA5-9A98-A3A4AA231625}"
EndProject
Project("{8BC9CEB8-8B4A-11D0-8D11-00A0C91BC942}") = "dart-lang", "dart-lang\dart-lang.vcxproj", "{DD806044-8ACD-48D1-ACEF-4707BDFAC397}"
EndProject
Global
	GlobalSection(SolutionConfigurationPlatforms) = preSolution
		Debug|Any CPU = Debug|Any CPU
		Debug|x64 = Debug|x64
		Debug|x86 = Debug|x86
		Release|Any CPU = Release|Any CPU
		Release|x64 = Release|x64
		Release|x86 = Release|x86
	EndGlobalSection
	GlobalSection(ProjectConfigurationPlatforms) = postSolution
		{2A423310-B006-4269-9B72-93D9F6465FD2}.Debug|Any CPU.ActiveCfg = Debug|Any CPU
		{2A423310-B006-4269-9B72-93D9F6465FD2}.Debug|Any CPU.Build.0 = Debug|Any CPU
		{2A423310-B006-4269-9B72-93D9F6465FD2}.Debug|x64.ActiveCfg = Debug|Any CPU
		{2A423310-B006-4269-9B72-93D9F6465FD2}.Debug|x64.Build.0 = Debug|Any CPU
		{2A423310-B006-4269-9B72-93D9F6465FD2}.Debug|x86.ActiveCfg = Debug|Any CPU
		{2A423310-B006-4269-9B72-93D9F6465FD2}.Debug|x86.Build.0 = Debug|Any CPU
		{2A423310-B006-4269-9B72-93D9F6465FD2}.Release|Any CPU.ActiveCfg = Release|Any CPU
		{2A423310-B006-4269-9B72-93D9F6465FD2}.Release|Any CPU.Build.0 = Release|Any CPU
		{2A423310-B006-4269-9B72-93D9F6465FD2}.Release|x64.ActiveCfg = Release|Any CPU
		{2A423310-B006-4269-9B72-93D9F6465FD2}.Release|x64.Build.0 = Release|Any CPU
		{2A423310-B006-4269-9B72-93D9F6465FD2}.Release|x86.ActiveCfg = Release|Any CPU
		{2A423310-B006-4269-9B72-93D9F6465FD2}.Release|x86.Build.0 = Release|Any CPU
		{D0AB2BED-49BF-40EF-A7AF-C1D1481F1707}.Debug|Any CPU.ActiveCfg = Debug|Any CPU
		{D0AB2BED-49BF-40EF-A7AF-C1D1481F1707}.Debug|Any CPU.Build.0 = Debug|Any CPU
		{D0AB2BED-49BF-40EF-A7AF-C1D1481F1707}.Debug|x64.ActiveCfg = Debug|Any CPU
		{D0AB2BED-49BF-40EF-A7AF-C1D1481F1707}.Debug|x64.Build.0 = Debug|Any CPU
		{D0AB2BED-49BF-40EF-A7AF-C1D1481F1707}.Debug|x86.ActiveCfg = Debug|Any CPU
		{D0AB2BED-49BF-40EF-A7AF-C1D1481F1707}.Debug|x86.Build.0 = Debug|Any CPU
		{D0AB2BED-49BF-40EF-A7AF-C1D1481F1707}.Release|Any CPU.ActiveCfg = Release|Any CPU
		{D0AB2BED-49BF-40EF-A7AF-C1D1481F1707}.Release|Any CPU.Build.0 = Release|Any CPU
		{D0AB2BED-49BF-40EF-A7AF-C1D1481F1707}.Release|x64.ActiveCfg = Release|Any CPU
		{D0AB2BED-49BF-40EF-A7AF-C1D1481F1707}.Release|x64.Build.0 = Release|Any CPU
		{D0AB2BED-49BF-40EF-A7AF-C1D1481F1707}.Release|x86.ActiveCfg = Release|Any CPU
		{D0AB2BED-49BF-40EF-A7AF-C1D1481F1707}.Release|x86.Build.0 = Release|Any CPU
		{D403FF1D-4DCA-46DF-A58D-2473CDCC9BD0}.Debug|Any CPU.ActiveCfg = Debug|Any CPU
		{D403FF1D-4DCA-46DF-A58D-2473CDCC9BD0}.Debug|Any CPU.Build.0 = Debug|Any CPU
		{D403FF1D-4DCA-46DF-A58D-2473CDCC9BD0}.Debug|x64.ActiveCfg = Debug|Any CPU
		{D403FF1D-4DCA-46DF-A58D-2473CDCC9BD0}.Debug|x64.Build.0 = Debug|Any CPU
		{D403FF1D-4DCA-46DF-A58D-2473CDCC9BD0}.Debug|x86.ActiveCfg = Debug|Any CPU
		{D403FF1D-4DCA-46DF-A58D-2473CDCC9BD0}.Debug|x86.Build.0 = Debug|Any CPU
		{D403FF1D-4DCA-46DF-A58D-2473CDCC9BD0}.Release|Any CPU.ActiveCfg = Release|Any CPU
		{D403FF1D-4DCA-46DF-A58D-2473CDCC9BD0}.Release|Any CPU.Build.0 = Release|Any CPU
		{D403FF1D-4DCA-46DF-A58D-2473CDCC9BD0}.Release|x64.ActiveCfg = Release|Any CPU
		{D403FF1D-4DCA-46DF-A58D-2473CDCC9BD0}.Release|x64.Build.0 = Release|Any CPU
		{D403FF1D-4DCA-46DF-A58D-2473CDCC9BD0}.Release|x86.ActiveCfg = Release|Any CPU
		{D403FF1D-4DCA-46DF-A58D-2473CDCC9BD0}.Release|x86.Build.0 = Release|Any CPU
		{F6DD55CD-601D-4A6F-BA75-C47A12D89031}.Debug|Any CPU.ActiveCfg = Debug|Any CPU
		{F6DD55CD-601D-4A6F-BA75-C47A12D89031}.Debug|Any CPU.Build.0 = Debug|Any CPU
		{F6DD55CD-601D-4A6F-BA75-C47A12D89031}.Debug|x64.ActiveCfg = Debug|Any CPU
		{F6DD55CD-601D-4A6F-BA75-C47A12D89031}.Debug|x64.Build.0 = Debug|Any CPU
		{F6DD55CD-601D-4A6F-BA75-C47A12D89031}.Debug|x86.ActiveCfg = Debug|Any CPU
		{F6DD55CD-601D-4A6F-BA75-C47A12D89031}.Debug|x86.Build.0 = Debug|Any CPU
		{F6DD55CD-601D-4A6F-BA75-C47A12D89031}.Release|Any CPU.ActiveCfg = Release|Any CPU
		{F6DD55CD-601D-4A6F-BA75-C47A12D89031}.Release|Any CPU.Build.0 = Release|Any CPU
		{F6DD55CD-601D-4A6F-BA75-C47A12D89031}.Release|x64.ActiveCfg = Release|Any CPU
		{F6DD55CD-601D-4A6F-BA75-C47A12D89031}.Release|x64.Build.0 = Release|Any CPU
		{F6DD55CD-601D-4A6F-BA75-C47A12D89031}.Release|x86.ActiveCfg = Release|Any CPU
		{F6DD55CD-601D-4A6F-BA75-C47A12D89031}.Release|x86.Build.0 = Release|Any CPU
		{0B991EAA-60D4-4DA5-9A98-A3A4AA231625}.Debug|Any CPU.ActiveCfg = Debug|Any CPU
		{0B991EAA-60D4-4DA5-9A98-A3A4AA231625}.Debug|x64.ActiveCfg = Debug|Any CPU
		{0B991EAA-60D4-4DA5-9A98-A3A4AA231625}.Debug|x86.ActiveCfg = Debug|Any CPU
		{0B991EAA-60D4-4DA5-9A98-A3A4AA231625}.Release|Any CPU.ActiveCfg = Release|Any CPU
		{0B991EAA-60D4-4DA5-9A98-A3A4AA231625}.Release|x64.ActiveCfg = Release|Any CPU
		{0B991EAA-60D4-4DA5-9A98-A3A4AA231625}.Release|x86.ActiveCfg = Release|Any CPU
		{DD806044-8ACD-48D1-ACEF-4707BDFAC397}.Debug|Any CPU.ActiveCfg = Debug|x64
		{DD806044-8ACD-48D1-ACEF-4707BDFAC397}.Debug|Any CPU.Build.0 = Debug|x64
		{DD806044-8ACD-48D1-ACEF-4707BDFAC397}.Debug|x64.ActiveCfg = Debug|x64
		{DD806044-8ACD-48D1-ACEF-4707BDFAC397}.Debug|x64.Build.0 = Debug|x64
		{DD806044-8ACD-48D1-ACEF-4707BDFAC397}.Debug|x86.ActiveCfg = Debug|Win32
		{DD806044-8ACD-48D1-ACEF-4707BDFAC397}.Debug|x86.Build.0 = Debug|Win32
		{DD806044-8ACD-48D1-ACEF-4707BDFAC397}.Release|Any CPU.ActiveCfg = Release|x64
		{DD806044-8ACD-48D1-ACEF-4707BDFAC397}.Release|Any CPU.Build.0 = Release|x64
		{DD806044-8ACD-48D1-ACEF-4707BDFAC397}.Release|x64.ActiveCfg = Release|x64
		{DD806044-8ACD-48D1-ACEF-4707BDFAC397}.Release|x64.Build.0 = Release|x64
		{DD806044-8ACD-48D1-ACEF-4707BDFAC397}.Release|x86.ActiveCfg = Release|Win32
		{DD806044-8ACD-48D1-ACEF-4707BDFAC397}.Release|x86.Build.0 = Release|Win32
	EndGlobalSection
	GlobalSection(SolutionProperties) = preSolution
		HideSolutionNode = FALSE
	EndGlobalSection
	GlobalSection(ExtensibilityGlobals) = postSolution
		SolutionGuid = {ED30F41E-E312-4213-A835-E400FC971649}
	EndGlobalSection
EndGlobal
